
Microsoft Visual Studio Solution File, Format Version 12.00
# Visual Studio 14
VisualStudioVersion = 14.0.25420.1
MinimumVisualStudioVersion = 10.0.40219.1
Project("{8BC9CEB8-8B4A-11D0-8D11-00A0C91BC942}") = "Week 1 Assignment 2a", "Week 1 Assignment 2a\Week 1 Assignment 2a.vcxproj", "{CF19B8B1-EA6E-4070-995E-0EFDFF6B2139}"
EndProject
Global
	GlobalSection(SolutionConfigurationPlatforms) = preSolution
		Debug|x64 = Debug|x64
		Debug|x86 = Debug|x86
		Release|x64 = Release|x64
		Release|x86 = Release|x86
	EndGlobalSection
	GlobalSection(ProjectConfigurationPlatforms) = postSolution
		{CF19B8B1-EA6E-4070-995E-0EFDFF6B2139}.Debug|x64.ActiveCfg = Debug|x64
		{CF19B8B1-EA6E-4070-995E-0EFDFF6B2139}.Debug|x64.Build.0 = Debug|x64
		{CF19B8B1-EA6E-4070-995E-0EFDFF6B2139}.Debug|x86.ActiveCfg = Debug|Win32
		{CF19B8B1-EA6E-4070-995E-0EFDFF6B2139}.Debug|x86.Build.0 = Debug|Win32
		{CF19B8B1-EA6E-4070-995E-0EFDFF6B2139}.Release|x64.ActiveCfg = Release|x64
		{CF19B8B1-EA6E-4070-995E-0EFDFF6B2139}.Release|x64.Build.0 = Release|x64
		{CF19B8B1-EA6E-4070-995E-0EFDFF6B2139}.Release|x86.ActiveCfg = Release|Win32
		{CF19B8B1-EA6E-4070-995E-0EFDFF6B2139}.Release|x86.Build.0 = Release|Win32
	EndGlobalSection
	GlobalSection(SolutionProperties) = preSolution
		HideSolutionNode = FALSE
	EndGlobalSection
EndGlobal
